// !$*UTF8*$!
{
	archiveVersion = 1;
	classes = {
	};
	objectVersion = 50;
	objects = {

/* Begin PBXBuildFile section */
		0A062309250CE89000F29E2B /* main.swift in Sources */ = {isa = PBXBuildFile; fileRef = 0A062308250CE89000F29E2B /* main.swift */; };
		0A07F7F52527624500E05277 /* AppDelegate.swift in Sources */ = {isa = PBXBuildFile; fileRef = 0A07F7F42527624500E05277 /* AppDelegate.swift */; };
		0A07F7F92527624500E05277 /* ViewController.swift in Sources */ = {isa = PBXBuildFile; fileRef = 0A07F7F82527624500E05277 /* ViewController.swift */; };
		0A07F7FC2527624500E05277 /* Main.storyboard in Resources */ = {isa = PBXBuildFile; fileRef = 0A07F7FA2527624500E05277 /* Main.storyboard */; };
		0A07F7FE2527624600E05277 /* Assets.xcassets in Resources */ = {isa = PBXBuildFile; fileRef = 0A07F7FD2527624600E05277 /* Assets.xcassets */; };
		0A07F8012527624600E05277 /* LaunchScreen.storyboard in Resources */ = {isa = PBXBuildFile; fileRef = 0A07F7FF2527624600E05277 /* LaunchScreen.storyboard */; };
		0A07F8082527626500E05277 /* README_MVVM.md in Resources */ = {isa = PBXBuildFile; fileRef = 0A07F8072527626500E05277 /* README_MVVM.md */; };
		0A07F80A2527656900E05277 /* MVVMSampleViewController.swift in Sources */ = {isa = PBXBuildFile; fileRef = 0A07F8092527656900E05277 /* MVVMSampleViewController.swift */; };
		0A5FC5482529D8B0000BD926 /* MainCoordinator.swift in Sources */ = {isa = PBXBuildFile; fileRef = 0A5FC5472529D8B0000BD926 /* MainCoordinator.swift */; };
		0A5FC5512529DA2B000BD926 /* BuyViewController.swift in Sources */ = {isa = PBXBuildFile; fileRef = 0A5FC5502529DA2B000BD926 /* BuyViewController.swift */; };
		0A5FC55F2529DA33000BD926 /* CreateAccountViewController.swift in Sources */ = {isa = PBXBuildFile; fileRef = 0A5FC55E2529DA33000BD926 /* CreateAccountViewController.swift */; };
		0A72F0982506428500E10781 /* main.swift in Sources */ = {isa = PBXBuildFile; fileRef = 0A72F0972506428500E10781 /* main.swift */; };
		0A8A349024D4222900F34A82 /* README.md in Resources */ = {isa = PBXBuildFile; fileRef = 0A8A348F24D4222900F34A82 /* README.md */; };
		0A9037AF2507A039004CB271 /* main.swift in Sources */ = {isa = PBXBuildFile; fileRef = 0A9037AE2507A038004CB271 /* main.swift */; };
		0A9AB41624D40E8A001A0FE0 /* AppDelegate.swift in Sources */ = {isa = PBXBuildFile; fileRef = 0A9AB41524D40E8A001A0FE0 /* AppDelegate.swift */; };
		0A9AB41824D40E8A001A0FE0 /* SceneDelegate.swift in Sources */ = {isa = PBXBuildFile; fileRef = 0A9AB41724D40E8A001A0FE0 /* SceneDelegate.swift */; };
		0A9AB41A24D40E8A001A0FE0 /* ContentView.swift in Sources */ = {isa = PBXBuildFile; fileRef = 0A9AB41924D40E8A001A0FE0 /* ContentView.swift */; };
		0A9AB41C24D40E8B001A0FE0 /* Assets.xcassets in Resources */ = {isa = PBXBuildFile; fileRef = 0A9AB41B24D40E8B001A0FE0 /* Assets.xcassets */; };
		0A9AB41F24D40E8B001A0FE0 /* Preview Assets.xcassets in Resources */ = {isa = PBXBuildFile; fileRef = 0A9AB41E24D40E8B001A0FE0 /* Preview Assets.xcassets */; };
		0A9AB42224D40E8B001A0FE0 /* LaunchScreen.storyboard in Resources */ = {isa = PBXBuildFile; fileRef = 0A9AB42024D40E8B001A0FE0 /* LaunchScreen.storyboard */; };
		0A9AB44124D40E9E001A0FE0 /* 200731_AppClip.app in Embed App Clips */ = {isa = PBXBuildFile; fileRef = 0A9AB42D24D40E9D001A0FE0 /* 200731_AppClip.app */; settings = {ATTRIBUTES = (RemoveHeadersOnCopy, ); }; };
		0AA3802D25276F70008ADB52 /* MVVMSampleViewModel.swift in Sources */ = {isa = PBXBuildFile; fileRef = 0AA3802C25276F70008ADB52 /* MVVMSampleViewModel.swift */; };
		0AA380352527700E008ADB52 /* Dynamic.swift in Sources */ = {isa = PBXBuildFile; fileRef = 0AA380342527700E008ADB52 /* Dynamic.swift */; };
		0AA3804425277301008ADB52 /* 201002 MVVM_000.png in Resources */ = {isa = PBXBuildFile; fileRef = 0AA3804325277301008ADB52 /* 201002 MVVM_000.png */; };
		0AA3806A2529D46C008ADB52 /* README_Coordinator.md in Resources */ = {isa = PBXBuildFile; fileRef = 0AA380682529D46C008ADB52 /* README_Coordinator.md */; };
		0AA3806B2529D46C008ADB52 /* Coordinator.swift in Sources */ = {isa = PBXBuildFile; fileRef = 0AA380692529D46C008ADB52 /* Coordinator.swift */; };
		0AA887C524F8D9F500B8FA25 /* 200828_dSYM_000.png in Resources */ = {isa = PBXBuildFile; fileRef = 0AA887C424F8D9F500B8FA25 /* 200828_dSYM_000.png */; };
		1D5EEBE224D6782400CFBD21 /* Product.swift in Sources */ = {isa = PBXBuildFile; fileRef = 1D5EEBE124D6782400CFBD21 /* Product.swift */; };
		1D5EEBE324D6782400CFBD21 /* Product.swift in Sources */ = {isa = PBXBuildFile; fileRef = 1D5EEBE124D6782400CFBD21 /* Product.swift */; };
		1D5EEBE424D67D9C00CFBD21 /* Assets.xcassets in Resources */ = {isa = PBXBuildFile; fileRef = 0A9AB41B24D40E8B001A0FE0 /* Assets.xcassets */; };
		1D5EEBE524D67DA200CFBD21 /* SceneDelegate.swift in Sources */ = {isa = PBXBuildFile; fileRef = 0A9AB41724D40E8A001A0FE0 /* SceneDelegate.swift */; };
		1D5EEBE624D67DA200CFBD21 /* ContentView.swift in Sources */ = {isa = PBXBuildFile; fileRef = 0A9AB41924D40E8A001A0FE0 /* ContentView.swift */; };
		1D5EEBE724D67DA200CFBD21 /* AppDelegate.swift in Sources */ = {isa = PBXBuildFile; fileRef = 0A9AB41524D40E8A001A0FE0 /* AppDelegate.swift */; };
		1D5EEBE824D67DA500CFBD21 /* LaunchScreen.storyboard in Resources */ = {isa = PBXBuildFile; fileRef = 0A9AB42024D40E8B001A0FE0 /* LaunchScreen.storyboard */; };
		1D713E0E24D68AF10038D3E1 /* configure_1.png in Resources */ = {isa = PBXBuildFile; fileRef = 1D713E0424D68AF10038D3E1 /* configure_1.png */; };
		1D713E0F24D68AF10038D3E1 /* appclip_3.png in Resources */ = {isa = PBXBuildFile; fileRef = 1D713E0524D68AF10038D3E1 /* appclip_3.png */; };
		1D713E1024D68AF10038D3E1 /* appclip_1.png in Resources */ = {isa = PBXBuildFile; fileRef = 1D713E0624D68AF10038D3E1 /* appclip_1.png */; };
		1D713E1124D68AF10038D3E1 /* appclip_4.png in Resources */ = {isa = PBXBuildFile; fileRef = 1D713E0724D68AF10038D3E1 /* appclip_4.png */; };
		1D713E1224D68AF10038D3E1 /* appclip_7.jpeg in Resources */ = {isa = PBXBuildFile; fileRef = 1D713E0824D68AF10038D3E1 /* appclip_7.jpeg */; };
		1D713E1324D68AF10038D3E1 /* appclip_5.png in Resources */ = {isa = PBXBuildFile; fileRef = 1D713E0924D68AF10038D3E1 /* appclip_5.png */; };
		1D713E1424D68AF10038D3E1 /* appclip_dev_doc_1.png in Resources */ = {isa = PBXBuildFile; fileRef = 1D713E0A24D68AF10038D3E1 /* appclip_dev_doc_1.png */; };
		1D713E1524D68AF10038D3E1 /* appclip_2.png in Resources */ = {isa = PBXBuildFile; fileRef = 1D713E0B24D68AF10038D3E1 /* appclip_2.png */; };
		1D713E1624D68AF10038D3E1 /* configure_2.png in Resources */ = {isa = PBXBuildFile; fileRef = 1D713E0C24D68AF10038D3E1 /* configure_2.png */; };
		1D713E1724D68AF10038D3E1 /* appclip_6.jpeg in Resources */ = {isa = PBXBuildFile; fileRef = 1D713E0D24D68AF10038D3E1 /* appclip_6.jpeg */; };
/* End PBXBuildFile section */

/* Begin PBXContainerItemProxy section */
		0A9AB43F24D40E9E001A0FE0 /* PBXContainerItemProxy */ = {
			isa = PBXContainerItemProxy;
			containerPortal = 0A9AB40A24D40E8A001A0FE0 /* Project object */;
			proxyType = 1;
			remoteGlobalIDString = 0A9AB42C24D40E9D001A0FE0;
			remoteInfo = 200731_AppClip;
		};
/* End PBXContainerItemProxy section */

/* Begin PBXCopyFilesBuildPhase section */
		0A062304250CE89000F29E2B /* CopyFiles */ = {
			isa = PBXCopyFilesBuildPhase;
			buildActionMask = 2147483647;
			dstPath = /usr/share/man/man1/;
			dstSubfolderSpec = 0;
			files = (
			);
			runOnlyForDeploymentPostprocessing = 1;
		};
		0A72F0932506428500E10781 /* CopyFiles */ = {
			isa = PBXCopyFilesBuildPhase;
			buildActionMask = 2147483647;
			dstPath = /usr/share/man/man1/;
			dstSubfolderSpec = 0;
			files = (
			);
			runOnlyForDeploymentPostprocessing = 1;
		};
		0A9037AA2507A038004CB271 /* CopyFiles */ = {
			isa = PBXCopyFilesBuildPhase;
			buildActionMask = 2147483647;
			dstPath = /usr/share/man/man1/;
			dstSubfolderSpec = 0;
			files = (
			);
			runOnlyForDeploymentPostprocessing = 1;
		};
		0A9AB44524D40E9E001A0FE0 /* Embed App Clips */ = {
			isa = PBXCopyFilesBuildPhase;
			buildActionMask = 2147483647;
			dstPath = "$(CONTENTS_FOLDER_PATH)/AppClips";
			dstSubfolderSpec = 16;
			files = (
				0A9AB44124D40E9E001A0FE0 /* 200731_AppClip.app in Embed App Clips */,
			);
			name = "Embed App Clips";
			runOnlyForDeploymentPostprocessing = 0;
		};
/* End PBXCopyFilesBuildPhase section */

/* Begin PBXFileReference section */
		0A062306250CE89000F29E2B /* Memory management */ = {isa = PBXFileReference; explicitFileType = "compiled.mach-o.executable"; includeInIndex = 0; path = "Memory management"; sourceTree = BUILT_PRODUCTS_DIR; };
		0A062308250CE89000F29E2B /* main.swift */ = {isa = PBXFileReference; lastKnownFileType = sourcecode.swift; path = main.swift; sourceTree = "<group>"; };
		0A06230D250CE8AA00F29E2B /* 200912_Stack and Heap.md */ = {isa = PBXFileReference; lastKnownFileType = net.daringfireball.markdown; path = "200912_Stack and Heap.md"; sourceTree = "<group>"; };
		0A062310250CF06900F29E2B /* stackandheap_1.png */ = {isa = PBXFileReference; lastKnownFileType = image.png; path = stackandheap_1.png; sourceTree = "<group>"; };
		0A062313250E56AE00F29E2B /* README.md */ = {isa = PBXFileReference; lastKnownFileType = net.daringfireball.markdown; path = README.md; sourceTree = "<group>"; };
		0A07F7F22527624500E05277 /* iOS Design Pattern.app */ = {isa = PBXFileReference; explicitFileType = wrapper.application; includeInIndex = 0; path = "iOS Design Pattern.app"; sourceTree = BUILT_PRODUCTS_DIR; };
		0A07F7F42527624500E05277 /* AppDelegate.swift */ = {isa = PBXFileReference; lastKnownFileType = sourcecode.swift; path = AppDelegate.swift; sourceTree = "<group>"; };
		0A07F7F82527624500E05277 /* ViewController.swift */ = {isa = PBXFileReference; lastKnownFileType = sourcecode.swift; path = ViewController.swift; sourceTree = "<group>"; };
		0A07F7FB2527624500E05277 /* Base */ = {isa = PBXFileReference; lastKnownFileType = file.storyboard; name = Base; path = Base.lproj/Main.storyboard; sourceTree = "<group>"; };
		0A07F7FD2527624600E05277 /* Assets.xcassets */ = {isa = PBXFileReference; lastKnownFileType = folder.assetcatalog; path = Assets.xcassets; sourceTree = "<group>"; };
		0A07F8002527624600E05277 /* Base */ = {isa = PBXFileReference; lastKnownFileType = file.storyboard; name = Base; path = Base.lproj/LaunchScreen.storyboard; sourceTree = "<group>"; };
		0A07F8022527624600E05277 /* Info.plist */ = {isa = PBXFileReference; lastKnownFileType = text.plist.xml; path = Info.plist; sourceTree = "<group>"; };
		0A07F8072527626500E05277 /* README_MVVM.md */ = {isa = PBXFileReference; lastKnownFileType = net.daringfireball.markdown; path = README_MVVM.md; sourceTree = "<group>"; };
		0A07F8092527656900E05277 /* MVVMSampleViewController.swift */ = {isa = PBXFileReference; lastKnownFileType = sourcecode.swift; path = MVVMSampleViewController.swift; sourceTree = "<group>"; };
		0A5FC5472529D8B0000BD926 /* MainCoordinator.swift */ = {isa = PBXFileReference; lastKnownFileType = sourcecode.swift; path = MainCoordinator.swift; sourceTree = "<group>"; };
		0A5FC5502529DA2B000BD926 /* BuyViewController.swift */ = {isa = PBXFileReference; lastKnownFileType = sourcecode.swift; path = BuyViewController.swift; sourceTree = "<group>"; };
		0A5FC55E2529DA33000BD926 /* CreateAccountViewController.swift */ = {isa = PBXFileReference; lastKnownFileType = sourcecode.swift; path = CreateAccountViewController.swift; sourceTree = "<group>"; };
		0A72F08E2506423C00E10781 /* README.md */ = {isa = PBXFileReference; fileEncoding = 4; lastKnownFileType = net.daringfireball.markdown; path = README.md; sourceTree = "<group>"; };
		0A72F0952506428500E10781 /* 200907_method swizzling */ = {isa = PBXFileReference; explicitFileType = "compiled.mach-o.executable"; includeInIndex = 0; path = "200907_method swizzling"; sourceTree = BUILT_PRODUCTS_DIR; };
		0A72F0972506428500E10781 /* main.swift */ = {isa = PBXFileReference; lastKnownFileType = sourcecode.swift; path = main.swift; sourceTree = "<group>"; };
		0A8754D024F8D48E0072E955 /* README.md */ = {isa = PBXFileReference; lastKnownFileType = net.daringfireball.markdown; path = README.md; sourceTree = "<group>"; };
		0A8A348F24D4222900F34A82 /* README.md */ = {isa = PBXFileReference; lastKnownFileType = net.daringfireball.markdown; path = README.md; sourceTree = "<group>"; };
		0A9037AC2507A038004CB271 /* 200908_ConCurrency Programing */ = {isa = PBXFileReference; explicitFileType = "compiled.mach-o.executable"; includeInIndex = 0; path = "200908_ConCurrency Programing"; sourceTree = BUILT_PRODUCTS_DIR; };
		0A9037AE2507A038004CB271 /* main.swift */ = {isa = PBXFileReference; lastKnownFileType = sourcecode.swift; path = main.swift; sourceTree = "<group>"; };
		0A9037B32507A052004CB271 /* README.md */ = {isa = PBXFileReference; fileEncoding = 4; lastKnownFileType = net.daringfireball.markdown; path = README.md; sourceTree = "<group>"; };
		0A9AB41224D40E8A001A0FE0 /* iOS.app */ = {isa = PBXFileReference; explicitFileType = wrapper.application; includeInIndex = 0; path = iOS.app; sourceTree = BUILT_PRODUCTS_DIR; };
		0A9AB41524D40E8A001A0FE0 /* AppDelegate.swift */ = {isa = PBXFileReference; lastKnownFileType = sourcecode.swift; path = AppDelegate.swift; sourceTree = "<group>"; };
		0A9AB41724D40E8A001A0FE0 /* SceneDelegate.swift */ = {isa = PBXFileReference; lastKnownFileType = sourcecode.swift; path = SceneDelegate.swift; sourceTree = "<group>"; };
		0A9AB41924D40E8A001A0FE0 /* ContentView.swift */ = {isa = PBXFileReference; lastKnownFileType = sourcecode.swift; path = ContentView.swift; sourceTree = "<group>"; };
		0A9AB41B24D40E8B001A0FE0 /* Assets.xcassets */ = {isa = PBXFileReference; lastKnownFileType = folder.assetcatalog; path = Assets.xcassets; sourceTree = "<group>"; };
		0A9AB41E24D40E8B001A0FE0 /* Preview Assets.xcassets */ = {isa = PBXFileReference; lastKnownFileType = folder.assetcatalog; path = "Preview Assets.xcassets"; sourceTree = "<group>"; };
		0A9AB42124D40E8B001A0FE0 /* Base */ = {isa = PBXFileReference; lastKnownFileType = file.storyboard; name = Base; path = Base.lproj/LaunchScreen.storyboard; sourceTree = "<group>"; };
		0A9AB42324D40E8B001A0FE0 /* Info.plist */ = {isa = PBXFileReference; lastKnownFileType = text.plist.xml; path = Info.plist; sourceTree = "<group>"; };
		0A9AB42D24D40E9D001A0FE0 /* 200731_AppClip.app */ = {isa = PBXFileReference; explicitFileType = wrapper.application; includeInIndex = 0; path = 200731_AppClip.app; sourceTree = BUILT_PRODUCTS_DIR; };
		0A9AB43D24D40E9E001A0FE0 /* Info.plist */ = {isa = PBXFileReference; lastKnownFileType = text.plist.xml; path = Info.plist; sourceTree = "<group>"; };
		0A9AB43E24D40E9E001A0FE0 /* _00731_AppClip.entitlements */ = {isa = PBXFileReference; lastKnownFileType = text.plist.entitlements; path = _00731_AppClip.entitlements; sourceTree = "<group>"; };
		0AA3802C25276F70008ADB52 /* MVVMSampleViewModel.swift */ = {isa = PBXFileReference; lastKnownFileType = sourcecode.swift; path = MVVMSampleViewModel.swift; sourceTree = "<group>"; };
		0AA380342527700E008ADB52 /* Dynamic.swift */ = {isa = PBXFileReference; lastKnownFileType = sourcecode.swift; path = Dynamic.swift; sourceTree = "<group>"; };
		0AA3804325277301008ADB52 /* 201002 MVVM_000.png */ = {isa = PBXFileReference; lastKnownFileType = image.png; path = "201002 MVVM_000.png"; sourceTree = "<group>"; };
		0AA380682529D46C008ADB52 /* README_Coordinator.md */ = {isa = PBXFileReference; fileEncoding = 4; lastKnownFileType = net.daringfireball.markdown; path = README_Coordinator.md; sourceTree = "<group>"; };
		0AA380692529D46C008ADB52 /* Coordinator.swift */ = {isa = PBXFileReference; fileEncoding = 4; lastKnownFileType = sourcecode.swift; path = Coordinator.swift; sourceTree = "<group>"; };
		0AA887C424F8D9F500B8FA25 /* 200828_dSYM_000.png */ = {isa = PBXFileReference; lastKnownFileType = image.png; path = 200828_dSYM_000.png; sourceTree = "<group>"; };
		0AA887C624F8DCD300B8FA25 /* 200828_dSYM_001.png */ = {isa = PBXFileReference; lastKnownFileType = image.png; path = 200828_dSYM_001.png; sourceTree = "<group>"; };
		1D5EEBD924D5DA7E00CFBD21 /* iOS.entitlements */ = {isa = PBXFileReference; lastKnownFileType = text.plist.entitlements; path = iOS.entitlements; sourceTree = "<group>"; };
		1D5EEBE124D6782400CFBD21 /* Product.swift */ = {isa = PBXFileReference; lastKnownFileType = sourcecode.swift; path = Product.swift; sourceTree = "<group>"; };
		1D713E0424D68AF10038D3E1 /* configure_1.png */ = {isa = PBXFileReference; lastKnownFileType = image.png; path = configure_1.png; sourceTree = "<group>"; };
		1D713E0524D68AF10038D3E1 /* appclip_3.png */ = {isa = PBXFileReference; lastKnownFileType = image.png; path = appclip_3.png; sourceTree = "<group>"; };
		1D713E0624D68AF10038D3E1 /* appclip_1.png */ = {isa = PBXFileReference; lastKnownFileType = image.png; path = appclip_1.png; sourceTree = "<group>"; };
		1D713E0724D68AF10038D3E1 /* appclip_4.png */ = {isa = PBXFileReference; lastKnownFileType = image.png; path = appclip_4.png; sourceTree = "<group>"; };
		1D713E0824D68AF10038D3E1 /* appclip_7.jpeg */ = {isa = PBXFileReference; lastKnownFileType = image.jpeg; path = appclip_7.jpeg; sourceTree = "<group>"; };
		1D713E0924D68AF10038D3E1 /* appclip_5.png */ = {isa = PBXFileReference; lastKnownFileType = image.png; path = appclip_5.png; sourceTree = "<group>"; };
		1D713E0A24D68AF10038D3E1 /* appclip_dev_doc_1.png */ = {isa = PBXFileReference; lastKnownFileType = image.png; path = appclip_dev_doc_1.png; sourceTree = "<group>"; };
		1D713E0B24D68AF10038D3E1 /* appclip_2.png */ = {isa = PBXFileReference; lastKnownFileType = image.png; path = appclip_2.png; sourceTree = "<group>"; };
		1D713E0C24D68AF10038D3E1 /* configure_2.png */ = {isa = PBXFileReference; lastKnownFileType = image.png; path = configure_2.png; sourceTree = "<group>"; };
		1D713E0D24D68AF10038D3E1 /* appclip_6.jpeg */ = {isa = PBXFileReference; lastKnownFileType = image.jpeg; path = appclip_6.jpeg; sourceTree = "<group>"; };
/* End PBXFileReference section */

/* Begin PBXFrameworksBuildPhase section */
		0A062303250CE89000F29E2B /* Frameworks */ = {
			isa = PBXFrameworksBuildPhase;
			buildActionMask = 2147483647;
			files = (
			);
			runOnlyForDeploymentPostprocessing = 0;
		};
		0A07F7EF2527624500E05277 /* Frameworks */ = {
			isa = PBXFrameworksBuildPhase;
			buildActionMask = 2147483647;
			files = (
			);
			runOnlyForDeploymentPostprocessing = 0;
		};
		0A72F0922506428500E10781 /* Frameworks */ = {
			isa = PBXFrameworksBuildPhase;
			buildActionMask = 2147483647;
			files = (
			);
			runOnlyForDeploymentPostprocessing = 0;
		};
		0A9037A92507A038004CB271 /* Frameworks */ = {
			isa = PBXFrameworksBuildPhase;
			buildActionMask = 2147483647;
			files = (
			);
			runOnlyForDeploymentPostprocessing = 0;
		};
		0A9AB40F24D40E8A001A0FE0 /* Frameworks */ = {
			isa = PBXFrameworksBuildPhase;
			buildActionMask = 2147483647;
			files = (
			);
			runOnlyForDeploymentPostprocessing = 0;
		};
		0A9AB42A24D40E9D001A0FE0 /* Frameworks */ = {
			isa = PBXFrameworksBuildPhase;
			buildActionMask = 2147483647;
			files = (
			);
			runOnlyForDeploymentPostprocessing = 0;
		};
/* End PBXFrameworksBuildPhase section */

/* Begin PBXGroup section */
		0A062307250CE89000F29E2B /* Memory management */ = {
			isa = PBXGroup;
			children = (
				0A062311250E55E800F29E2B /* 200912_Stack and Heap */,
				0A062312250E566B00F29E2B /* 200913_ARC */,
			);
			path = "Memory management";
			sourceTree = "<group>";
		};
		0A06230E250CEC3A00F29E2B /* image */ = {
			isa = PBXGroup;
			children = (
				0A062310250CF06900F29E2B /* stackandheap_1.png */,
			);
			path = image;
			sourceTree = "<group>";
		};
		0A062311250E55E800F29E2B /* 200912_Stack and Heap */ = {
			isa = PBXGroup;
			children = (
				0A062308250CE89000F29E2B /* main.swift */,
				0A06230E250CEC3A00F29E2B /* image */,
				0A06230D250CE8AA00F29E2B /* 200912_Stack and Heap.md */,
			);
			path = "200912_Stack and Heap";
			sourceTree = "<group>";
		};
		0A062312250E566B00F29E2B /* 200913_ARC */ = {
			isa = PBXGroup;
			children = (
				0A062313250E56AE00F29E2B /* README.md */,
			);
			path = 200913_ARC;
			sourceTree = "<group>";
		};
		0A07F7F32527624500E05277 /* iOS Design Pattern */ = {
			isa = PBXGroup;
			children = (
				0AA380672529D46C008ADB52 /* Coordinator */,
				0A07F8062527625100E05277 /* MVVM */,
				0A07F7F42527624500E05277 /* AppDelegate.swift */,
				0A07F7F82527624500E05277 /* ViewController.swift */,
				0A07F7FA2527624500E05277 /* Main.storyboard */,
				0A07F7FD2527624600E05277 /* Assets.xcassets */,
				0A07F7FF2527624600E05277 /* LaunchScreen.storyboard */,
				0A07F8022527624600E05277 /* Info.plist */,
			);
			path = "iOS Design Pattern";
			sourceTree = "<group>";
		};
		0A07F8062527625100E05277 /* MVVM */ = {
			isa = PBXGroup;
			children = (
				0AA38042252772CF008ADB52 /* image */,
				0A07F8072527626500E05277 /* README_MVVM.md */,
				0A07F8092527656900E05277 /* MVVMSampleViewController.swift */,
				0AA3802C25276F70008ADB52 /* MVVMSampleViewModel.swift */,
				0AA380342527700E008ADB52 /* Dynamic.swift */,
			);
			path = MVVM;
			sourceTree = "<group>";
		};
		0A5FC54F2529DA16000BD926 /* SampleViewControllers */ = {
			isa = PBXGroup;
			children = (
				0A5FC5502529DA2B000BD926 /* BuyViewController.swift */,
				0A5FC55E2529DA33000BD926 /* CreateAccountViewController.swift */,
			);
			path = SampleViewControllers;
			sourceTree = "<group>";
		};
		0A72F0962506428500E10781 /* 200907_method swizzling */ = {
			isa = PBXGroup;
			children = (
				0A72F0972506428500E10781 /* main.swift */,
				0A72F08E2506423C00E10781 /* README.md */,
			);
			path = "200907_method swizzling";
			sourceTree = "<group>";
		};
		0A8754CF24F8D46B0072E955 /* 200828_dSYM */ = {
			isa = PBXGroup;
			children = (
				0AA887C224F8D88700B8FA25 /* image */,
				0A8754D024F8D48E0072E955 /* README.md */,
			);
			path = 200828_dSYM;
			sourceTree = "<group>";
		};
		0A8A349124D4231700F34A82 /* image */ = {
			isa = PBXGroup;
			children = (
				1D713E0624D68AF10038D3E1 /* appclip_1.png */,
				1D713E0B24D68AF10038D3E1 /* appclip_2.png */,
				1D713E0524D68AF10038D3E1 /* appclip_3.png */,
				1D713E0724D68AF10038D3E1 /* appclip_4.png */,
				1D713E0924D68AF10038D3E1 /* appclip_5.png */,
				1D713E0D24D68AF10038D3E1 /* appclip_6.jpeg */,
				1D713E0824D68AF10038D3E1 /* appclip_7.jpeg */,
				1D713E0A24D68AF10038D3E1 /* appclip_dev_doc_1.png */,
				1D713E0424D68AF10038D3E1 /* configure_1.png */,
				1D713E0C24D68AF10038D3E1 /* configure_2.png */,
			);
			path = image;
			sourceTree = "<group>";
		};
		0A9037AD2507A038004CB271 /* Concurrency Programing */ = {
			isa = PBXGroup;
			children = (
				0A9037AE2507A038004CB271 /* main.swift */,
				0A9037B32507A052004CB271 /* README.md */,
			);
			path = "Concurrency Programing";
			sourceTree = "<group>";
		};
		0A9AB40924D40E8A001A0FE0 = {
			isa = PBXGroup;
			children = (
				0A9AB41424D40E8A001A0FE0 /* iOS */,
				0A9AB42E24D40E9D001A0FE0 /* 200731_AppClip */,
				0A8754CF24F8D46B0072E955 /* 200828_dSYM */,
				0A72F0962506428500E10781 /* 200907_method swizzling */,
				0A9037AD2507A038004CB271 /* Concurrency Programing */,
				0A062307250CE89000F29E2B /* Memory management */,
				0A07F7F32527624500E05277 /* iOS Design Pattern */,
				0A9AB41324D40E8A001A0FE0 /* Products */,
			);
			sourceTree = "<group>";
		};
		0A9AB41324D40E8A001A0FE0 /* Products */ = {
			isa = PBXGroup;
			children = (
				0A9AB41224D40E8A001A0FE0 /* iOS.app */,
				0A9AB42D24D40E9D001A0FE0 /* 200731_AppClip.app */,
				0A72F0952506428500E10781 /* 200907_method swizzling */,
				0A9037AC2507A038004CB271 /* 200908_ConCurrency Programing */,
				0A062306250CE89000F29E2B /* Memory management */,
				0A07F7F22527624500E05277 /* iOS Design Pattern.app */,
			);
			name = Products;
			sourceTree = "<group>";
		};
		0A9AB41424D40E8A001A0FE0 /* iOS */ = {
			isa = PBXGroup;
			children = (
				1D5EEBD924D5DA7E00CFBD21 /* iOS.entitlements */,
				0A9AB41524D40E8A001A0FE0 /* AppDelegate.swift */,
				0A9AB41724D40E8A001A0FE0 /* SceneDelegate.swift */,
				0A9AB41924D40E8A001A0FE0 /* ContentView.swift */,
				0A9AB41B24D40E8B001A0FE0 /* Assets.xcassets */,
				0A9AB42024D40E8B001A0FE0 /* LaunchScreen.storyboard */,
				0A9AB42324D40E8B001A0FE0 /* Info.plist */,
				0A9AB41D24D40E8B001A0FE0 /* Preview Content */,
				1D5EEBE124D6782400CFBD21 /* Product.swift */,
			);
			path = iOS;
			sourceTree = "<group>";
		};
		0A9AB41D24D40E8B001A0FE0 /* Preview Content */ = {
			isa = PBXGroup;
			children = (
				0A9AB41E24D40E8B001A0FE0 /* Preview Assets.xcassets */,
			);
			path = "Preview Content";
			sourceTree = "<group>";
		};
		0A9AB42E24D40E9D001A0FE0 /* 200731_AppClip */ = {
			isa = PBXGroup;
			children = (
				0A8A349124D4231700F34A82 /* image */,
				0A8A348F24D4222900F34A82 /* README.md */,
				0A9AB43D24D40E9E001A0FE0 /* Info.plist */,
				0A9AB43E24D40E9E001A0FE0 /* _00731_AppClip.entitlements */,
			);
			path = 200731_AppClip;
			sourceTree = "<group>";
		};
		0AA38042252772CF008ADB52 /* image */ = {
			isa = PBXGroup;
			children = (
				0AA3804325277301008ADB52 /* 201002 MVVM_000.png */,
			);
			path = image;
			sourceTree = "<group>";
		};
		0AA380672529D46C008ADB52 /* Coordinator */ = {
			isa = PBXGroup;
			children = (
				0A5FC54F2529DA16000BD926 /* SampleViewControllers */,
				0AA380682529D46C008ADB52 /* README_Coordinator.md */,
				0AA380692529D46C008ADB52 /* Coordinator.swift */,
				0A5FC5472529D8B0000BD926 /* MainCoordinator.swift */,
			);
			path = Coordinator;
			sourceTree = "<group>";
		};
		0AA887C224F8D88700B8FA25 /* image */ = {
			isa = PBXGroup;
			children = (
				0AA887C624F8DCD300B8FA25 /* 200828_dSYM_001.png */,
				0AA887C424F8D9F500B8FA25 /* 200828_dSYM_000.png */,
			);
			path = image;
			sourceTree = "<group>";
		};
/* End PBXGroup section */

/* Begin PBXNativeTarget section */
		0A062305250CE89000F29E2B /* Memory management */ = {
			isa = PBXNativeTarget;
			buildConfigurationList = 0A06230C250CE89000F29E2B /* Build configuration list for PBXNativeTarget "Memory management" */;
			buildPhases = (
				0A062302250CE89000F29E2B /* Sources */,
				0A062303250CE89000F29E2B /* Frameworks */,
				0A062304250CE89000F29E2B /* CopyFiles */,
			);
			buildRules = (
			);
			dependencies = (
			);
			name = "Memory management";
			productName = "200912_Staack and Heap";
			productReference = 0A062306250CE89000F29E2B /* Memory management */;
			productType = "com.apple.product-type.tool";
		};
		0A07F7F12527624500E05277 /* iOS Design Pattern */ = {
			isa = PBXNativeTarget;
			buildConfigurationList = 0A07F8052527624600E05277 /* Build configuration list for PBXNativeTarget "iOS Design Pattern" */;
			buildPhases = (
				0A07F7EE2527624500E05277 /* Sources */,
				0A07F7EF2527624500E05277 /* Frameworks */,
				0A07F7F02527624500E05277 /* Resources */,
			);
			buildRules = (
			);
			dependencies = (
			);
			name = "iOS Design Pattern";
			productName = "iOS Design Pattern";
			productReference = 0A07F7F22527624500E05277 /* iOS Design Pattern.app */;
			productType = "com.apple.product-type.application";
		};
		0A72F0942506428500E10781 /* 200907_method swizzling */ = {
			isa = PBXNativeTarget;
			buildConfigurationList = 0A72F0992506428500E10781 /* Build configuration list for PBXNativeTarget "200907_method swizzling" */;
			buildPhases = (
				0A72F0912506428500E10781 /* Sources */,
				0A72F0922506428500E10781 /* Frameworks */,
				0A72F0932506428500E10781 /* CopyFiles */,
			);
			buildRules = (
			);
			dependencies = (
			);
			name = "200907_method swizzling";
			productName = "200907_method swizzling";
			productReference = 0A72F0952506428500E10781 /* 200907_method swizzling */;
			productType = "com.apple.product-type.tool";
		};
		0A9037AB2507A038004CB271 /* 200908_ConCurrency Programing */ = {
			isa = PBXNativeTarget;
			buildConfigurationList = 0A9037B22507A039004CB271 /* Build configuration list for PBXNativeTarget "200908_ConCurrency Programing" */;
			buildPhases = (
				0A9037A82507A038004CB271 /* Sources */,
				0A9037A92507A038004CB271 /* Frameworks */,
				0A9037AA2507A038004CB271 /* CopyFiles */,
			);
			buildRules = (
			);
			dependencies = (
			);
			name = "200908_ConCurrency Programing";
			productName = "200908_ConCurrency Programing";
			productReference = 0A9037AC2507A038004CB271 /* 200908_ConCurrency Programing */;
			productType = "com.apple.product-type.tool";
		};
		0A9AB41124D40E8A001A0FE0 /* iOS */ = {
			isa = PBXNativeTarget;
			buildConfigurationList = 0A9AB42624D40E8B001A0FE0 /* Build configuration list for PBXNativeTarget "iOS" */;
			buildPhases = (
				0A9AB40E24D40E8A001A0FE0 /* Sources */,
				0A9AB40F24D40E8A001A0FE0 /* Frameworks */,
				0A9AB41024D40E8A001A0FE0 /* Resources */,
				0A9AB44524D40E9E001A0FE0 /* Embed App Clips */,
				0AEFCB9924F8D91B001C0E55 /* ShellScript */,
			);
			buildRules = (
			);
			dependencies = (
				0A9AB44024D40E9E001A0FE0 /* PBXTargetDependency */,
			);
			name = iOS;
			productName = iOS;
			productReference = 0A9AB41224D40E8A001A0FE0 /* iOS.app */;
			productType = "com.apple.product-type.application";
		};
		0A9AB42C24D40E9D001A0FE0 /* 200731_AppClip */ = {
			isa = PBXNativeTarget;
			buildConfigurationList = 0A9AB44224D40E9E001A0FE0 /* Build configuration list for PBXNativeTarget "200731_AppClip" */;
			buildPhases = (
				0A9AB42924D40E9D001A0FE0 /* Sources */,
				0A9AB42A24D40E9D001A0FE0 /* Frameworks */,
				0A9AB42B24D40E9D001A0FE0 /* Resources */,
			);
			buildRules = (
			);
			dependencies = (
			);
			name = 200731_AppClip;
			productName = 200731_AppClip;
			productReference = 0A9AB42D24D40E9D001A0FE0 /* 200731_AppClip.app */;
			productType = "com.apple.product-type.application.on-demand-install-capable";
		};
/* End PBXNativeTarget section */

/* Begin PBXProject section */
		0A9AB40A24D40E8A001A0FE0 /* Project object */ = {
			isa = PBXProject;
			attributes = {
				LastSwiftUpdateCheck = 1150;
				LastUpgradeCheck = 1200;
				TargetAttributes = {
					0A062305250CE89000F29E2B = {
						CreatedOnToolsVersion = 11.5;
					};
					0A07F7F12527624500E05277 = {
						CreatedOnToolsVersion = 11.5;
					};
					0A72F0942506428500E10781 = {
						CreatedOnToolsVersion = 11.5;
					};
					0A9037AB2507A038004CB271 = {
						CreatedOnToolsVersion = 11.5;
					};
					0A9AB41124D40E8A001A0FE0 = {
						CreatedOnToolsVersion = 12.0;
					};
					0A9AB42C24D40E9D001A0FE0 = {
						CreatedOnToolsVersion = 12.0;
					};
				};
			};
			buildConfigurationList = 0A9AB40D24D40E8A001A0FE0 /* Build configuration list for PBXProject "iOS" */;
			compatibilityVersion = "Xcode 9.3";
			developmentRegion = en;
			hasScannedForEncodings = 0;
			knownRegions = (
				en,
				Base,
			);
			mainGroup = 0A9AB40924D40E8A001A0FE0;
			productRefGroup = 0A9AB41324D40E8A001A0FE0 /* Products */;
			projectDirPath = "";
			projectRoot = "";
			targets = (
				0A9AB41124D40E8A001A0FE0 /* iOS */,
				0A9AB42C24D40E9D001A0FE0 /* 200731_AppClip */,
				0A72F0942506428500E10781 /* 200907_method swizzling */,
				0A9037AB2507A038004CB271 /* 200908_ConCurrency Programing */,
				0A062305250CE89000F29E2B /* Memory management */,
				0A07F7F12527624500E05277 /* iOS Design Pattern */,
			);
		};
/* End PBXProject section */

/* Begin PBXResourcesBuildPhase section */
		0A07F7F02527624500E05277 /* Resources */ = {
			isa = PBXResourcesBuildPhase;
			buildActionMask = 2147483647;
			files = (
				0AA3806A2529D46C008ADB52 /* README_Coordinator.md in Resources */,
				0A07F8012527624600E05277 /* LaunchScreen.storyboard in Resources */,
				0A07F7FE2527624600E05277 /* Assets.xcassets in Resources */,
				0A07F8082527626500E05277 /* README_MVVM.md in Resources */,
				0AA3804425277301008ADB52 /* 201002 MVVM_000.png in Resources */,
				0A07F7FC2527624500E05277 /* Main.storyboard in Resources */,
			);
			runOnlyForDeploymentPostprocessing = 0;
		};
		0A9AB41024D40E8A001A0FE0 /* Resources */ = {
			isa = PBXResourcesBuildPhase;
			buildActionMask = 2147483647;
			files = (
				0A9AB42224D40E8B001A0FE0 /* LaunchScreen.storyboard in Resources */,
				0A9AB41F24D40E8B001A0FE0 /* Preview Assets.xcassets in Resources */,
				0AA887C524F8D9F500B8FA25 /* 200828_dSYM_000.png in Resources */,
				0A9AB41C24D40E8B001A0FE0 /* Assets.xcassets in Resources */,
			);
			runOnlyForDeploymentPostprocessing = 0;
		};
		0A9AB42B24D40E9D001A0FE0 /* Resources */ = {
			isa = PBXResourcesBuildPhase;
			buildActionMask = 2147483647;
			files = (
				1D713E1624D68AF10038D3E1 /* configure_2.png in Resources */,
				1D713E1024D68AF10038D3E1 /* appclip_1.png in Resources */,
				1D5EEBE424D67D9C00CFBD21 /* Assets.xcassets in Resources */,
				1D713E1224D68AF10038D3E1 /* appclip_7.jpeg in Resources */,
				1D5EEBE824D67DA500CFBD21 /* LaunchScreen.storyboard in Resources */,
				1D713E1124D68AF10038D3E1 /* appclip_4.png in Resources */,
				1D713E1524D68AF10038D3E1 /* appclip_2.png in Resources */,
				1D713E0F24D68AF10038D3E1 /* appclip_3.png in Resources */,
				1D713E1424D68AF10038D3E1 /* appclip_dev_doc_1.png in Resources */,
				1D713E0E24D68AF10038D3E1 /* configure_1.png in Resources */,
				0A8A349024D4222900F34A82 /* README.md in Resources */,
				1D713E1724D68AF10038D3E1 /* appclip_6.jpeg in Resources */,
				1D713E1324D68AF10038D3E1 /* appclip_5.png in Resources */,
			);
			runOnlyForDeploymentPostprocessing = 0;
		};
/* End PBXResourcesBuildPhase section */

/* Begin PBXShellScriptBuildPhase section */
		0AEFCB9924F8D91B001C0E55 /* ShellScript */ = {
			isa = PBXShellScriptBuildPhase;
			buildActionMask = 2147483647;
			files = (
			);
			inputFileListPaths = (
			);
			inputPaths = (
			);
			outputFileListPaths = (
			);
			outputPaths = (
			);
			runOnlyForDeploymentPostprocessing = 0;
			shellPath = /bin/sh;
			shellScript = "echo \"Hi Run Script\"\n";
		};
/* End PBXShellScriptBuildPhase section */

/* Begin PBXSourcesBuildPhase section */
		0A062302250CE89000F29E2B /* Sources */ = {
			isa = PBXSourcesBuildPhase;
			buildActionMask = 2147483647;
			files = (
				0A062309250CE89000F29E2B /* main.swift in Sources */,
			);
			runOnlyForDeploymentPostprocessing = 0;
		};
		0A07F7EE2527624500E05277 /* Sources */ = {
			isa = PBXSourcesBuildPhase;
			buildActionMask = 2147483647;
			files = (
				0A5FC55F2529DA33000BD926 /* CreateAccountViewController.swift in Sources */,
				0A07F80A2527656900E05277 /* MVVMSampleViewController.swift in Sources */,
				0A5FC5482529D8B0000BD926 /* MainCoordinator.swift in Sources */,
				0A5FC5512529DA2B000BD926 /* BuyViewController.swift in Sources */,
				0A07F7F92527624500E05277 /* ViewController.swift in Sources */,
				0AA3802D25276F70008ADB52 /* MVVMSampleViewModel.swift in Sources */,
				0AA380352527700E008ADB52 /* Dynamic.swift in Sources */,
				0A07F7F52527624500E05277 /* AppDelegate.swift in Sources */,
				0AA3806B2529D46C008ADB52 /* Coordinator.swift in Sources */,
			);
			runOnlyForDeploymentPostprocessing = 0;
		};
		0A72F0912506428500E10781 /* Sources */ = {
			isa = PBXSourcesBuildPhase;
			buildActionMask = 2147483647;
			files = (
				0A72F0982506428500E10781 /* main.swift in Sources */,
			);
			runOnlyForDeploymentPostprocessing = 0;
		};
		0A9037A82507A038004CB271 /* Sources */ = {
			isa = PBXSourcesBuildPhase;
			buildActionMask = 2147483647;
			files = (
				0A9037AF2507A039004CB271 /* main.swift in Sources */,
			);
			runOnlyForDeploymentPostprocessing = 0;
		};
		0A9AB40E24D40E8A001A0FE0 /* Sources */ = {
			isa = PBXSourcesBuildPhase;
			buildActionMask = 2147483647;
			files = (
				0A9AB41624D40E8A001A0FE0 /* AppDelegate.swift in Sources */,
				1D5EEBE224D6782400CFBD21 /* Product.swift in Sources */,
				0A9AB41824D40E8A001A0FE0 /* SceneDelegate.swift in Sources */,
				0A9AB41A24D40E8A001A0FE0 /* ContentView.swift in Sources */,
			);
			runOnlyForDeploymentPostprocessing = 0;
		};
		0A9AB42924D40E9D001A0FE0 /* Sources */ = {
			isa = PBXSourcesBuildPhase;
			buildActionMask = 2147483647;
			files = (
				1D5EEBE724D67DA200CFBD21 /* AppDelegate.swift in Sources */,
				1D5EEBE324D6782400CFBD21 /* Product.swift in Sources */,
				1D5EEBE524D67DA200CFBD21 /* SceneDelegate.swift in Sources */,
				1D5EEBE624D67DA200CFBD21 /* ContentView.swift in Sources */,
			);
			runOnlyForDeploymentPostprocessing = 0;
		};
/* End PBXSourcesBuildPhase section */

/* Begin PBXTargetDependency section */
		0A9AB44024D40E9E001A0FE0 /* PBXTargetDependency */ = {
			isa = PBXTargetDependency;
			target = 0A9AB42C24D40E9D001A0FE0 /* 200731_AppClip */;
			targetProxy = 0A9AB43F24D40E9E001A0FE0 /* PBXContainerItemProxy */;
		};
/* End PBXTargetDependency section */

/* Begin PBXVariantGroup section */
		0A07F7FA2527624500E05277 /* Main.storyboard */ = {
			isa = PBXVariantGroup;
			children = (
				0A07F7FB2527624500E05277 /* Base */,
			);
			name = Main.storyboard;
			sourceTree = "<group>";
		};
		0A07F7FF2527624600E05277 /* LaunchScreen.storyboard */ = {
			isa = PBXVariantGroup;
			children = (
				0A07F8002527624600E05277 /* Base */,
			);
			name = LaunchScreen.storyboard;
			sourceTree = "<group>";
		};
		0A9AB42024D40E8B001A0FE0 /* LaunchScreen.storyboard */ = {
			isa = PBXVariantGroup;
			children = (
				0A9AB42124D40E8B001A0FE0 /* Base */,
			);
			name = LaunchScreen.storyboard;
			sourceTree = "<group>";
		};
/* End PBXVariantGroup section */

/* Begin XCBuildConfiguration section */
		0A06230A250CE89000F29E2B /* Debug */ = {
			isa = XCBuildConfiguration;
			buildSettings = {
				CODE_SIGN_STYLE = Automatic;
				DEVELOPMENT_TEAM = HC2Z7MJWST;
				ENABLE_HARDENED_RUNTIME = YES;
				MACOSX_DEPLOYMENT_TARGET = 10.15;
				PRODUCT_NAME = "$(TARGET_NAME)";
				SDKROOT = macosx;
				SWIFT_VERSION = 5.0;
			};
			name = Debug;
		};
		0A06230B250CE89000F29E2B /* Release */ = {
			isa = XCBuildConfiguration;
			buildSettings = {
				CODE_SIGN_STYLE = Automatic;
				DEVELOPMENT_TEAM = HC2Z7MJWST;
				ENABLE_HARDENED_RUNTIME = YES;
				MACOSX_DEPLOYMENT_TARGET = 10.15;
				PRODUCT_NAME = "$(TARGET_NAME)";
				SDKROOT = macosx;
				SWIFT_VERSION = 5.0;
			};
			name = Release;
		};
		0A07F8032527624600E05277 /* Debug */ = {
			isa = XCBuildConfiguration;
			buildSettings = {
				ASSETCATALOG_COMPILER_APPICON_NAME = AppIcon;
				CODE_SIGN_STYLE = Automatic;
				DEVELOPMENT_TEAM = HC2Z7MJWST;
				INFOPLIST_FILE = "iOS Design Pattern/Info.plist";
				IPHONEOS_DEPLOYMENT_TARGET = 14.0;
				LD_RUNPATH_SEARCH_PATHS = (
					"$(inherited)",
					"@executable_path/Frameworks",
				);
				PRODUCT_BUNDLE_IDENTIFIER = "com.iOS-Design-Pattern";
				PRODUCT_NAME = "$(TARGET_NAME)";
				SWIFT_VERSION = 5.0;
				TARGETED_DEVICE_FAMILY = "1,2";
			};
			name = Debug;
		};
		0A07F8042527624600E05277 /* Release */ = {
			isa = XCBuildConfiguration;
			buildSettings = {
				ASSETCATALOG_COMPILER_APPICON_NAME = AppIcon;
				CODE_SIGN_STYLE = Automatic;
				DEVELOPMENT_TEAM = HC2Z7MJWST;
				INFOPLIST_FILE = "iOS Design Pattern/Info.plist";
				IPHONEOS_DEPLOYMENT_TARGET = 14.0;
				LD_RUNPATH_SEARCH_PATHS = (
					"$(inherited)",
					"@executable_path/Frameworks",
				);
				PRODUCT_BUNDLE_IDENTIFIER = "com.iOS-Design-Pattern";
				PRODUCT_NAME = "$(TARGET_NAME)";
				SWIFT_VERSION = 5.0;
				TARGETED_DEVICE_FAMILY = "1,2";
			};
			name = Release;
		};
		0A72F09A2506428500E10781 /* Debug */ = {
			isa = XCBuildConfiguration;
			buildSettings = {
				CODE_SIGN_STYLE = Automatic;
				DEVELOPMENT_TEAM = HC2Z7MJWST;
				ENABLE_HARDENED_RUNTIME = YES;
				MACOSX_DEPLOYMENT_TARGET = 10.15;
				PRODUCT_NAME = "$(TARGET_NAME)";
				SDKROOT = macosx;
				SWIFT_VERSION = 5.0;
			};
			name = Debug;
		};
		0A72F09B2506428500E10781 /* Release */ = {
			isa = XCBuildConfiguration;
			buildSettings = {
				CODE_SIGN_STYLE = Automatic;
				DEVELOPMENT_TEAM = HC2Z7MJWST;
				ENABLE_HARDENED_RUNTIME = YES;
				MACOSX_DEPLOYMENT_TARGET = 10.15;
				PRODUCT_NAME = "$(TARGET_NAME)";
				SDKROOT = macosx;
				SWIFT_VERSION = 5.0;
			};
			name = Release;
		};
		0A9037B02507A039004CB271 /* Debug */ = {
			isa = XCBuildConfiguration;
			buildSettings = {
				CODE_SIGN_STYLE = Automatic;
				DEVELOPMENT_TEAM = HC2Z7MJWST;
				ENABLE_HARDENED_RUNTIME = YES;
				MACOSX_DEPLOYMENT_TARGET = 10.15;
				PRODUCT_NAME = "$(TARGET_NAME)";
				SDKROOT = macosx;
				SWIFT_VERSION = 5.0;
			};
			name = Debug;
		};
		0A9037B12507A039004CB271 /* Release */ = {
			isa = XCBuildConfiguration;
			buildSettings = {
				CODE_SIGN_STYLE = Automatic;
				DEVELOPMENT_TEAM = HC2Z7MJWST;
				ENABLE_HARDENED_RUNTIME = YES;
				MACOSX_DEPLOYMENT_TARGET = 10.15;
				PRODUCT_NAME = "$(TARGET_NAME)";
				SDKROOT = macosx;
				SWIFT_VERSION = 5.0;
			};
			name = Release;
		};
		0A9AB42424D40E8B001A0FE0 /* Debug */ = {
			isa = XCBuildConfiguration;
			buildSettings = {
				ALWAYS_SEARCH_USER_PATHS = NO;
				CLANG_ANALYZER_NONNULL = YES;
				CLANG_ANALYZER_NUMBER_OBJECT_CONVERSION = YES_AGGRESSIVE;
				CLANG_CXX_LANGUAGE_STANDARD = "gnu++14";
				CLANG_CXX_LIBRARY = "libc++";
				CLANG_ENABLE_MODULES = YES;
				CLANG_ENABLE_OBJC_ARC = YES;
				CLANG_ENABLE_OBJC_WEAK = YES;
				CLANG_WARN_BLOCK_CAPTURE_AUTORELEASING = YES;
				CLANG_WARN_BOOL_CONVERSION = YES;
				CLANG_WARN_COMMA = YES;
				CLANG_WARN_CONSTANT_CONVERSION = YES;
				CLANG_WARN_DEPRECATED_OBJC_IMPLEMENTATIONS = YES;
				CLANG_WARN_DIRECT_OBJC_ISA_USAGE = YES_ERROR;
				CLANG_WARN_DOCUMENTATION_COMMENTS = YES;
				CLANG_WARN_EMPTY_BODY = YES;
				CLANG_WARN_ENUM_CONVERSION = YES;
				CLANG_WARN_INFINITE_RECURSION = YES;
				CLANG_WARN_INT_CONVERSION = YES;
				CLANG_WARN_NON_LITERAL_NULL_CONVERSION = YES;
				CLANG_WARN_OBJC_IMPLICIT_RETAIN_SELF = YES;
				CLANG_WARN_OBJC_LITERAL_CONVERSION = YES;
				CLANG_WARN_OBJC_ROOT_CLASS = YES_ERROR;
				CLANG_WARN_QUOTED_INCLUDE_IN_FRAMEWORK_HEADER = YES;
				CLANG_WARN_RANGE_LOOP_ANALYSIS = YES;
				CLANG_WARN_STRICT_PROTOTYPES = YES;
				CLANG_WARN_SUSPICIOUS_MOVE = YES;
				CLANG_WARN_UNGUARDED_AVAILABILITY = YES_AGGRESSIVE;
				CLANG_WARN_UNREACHABLE_CODE = YES;
				CLANG_WARN__DUPLICATE_METHOD_MATCH = YES;
				COPY_PHASE_STRIP = NO;
				DEBUG_INFORMATION_FORMAT = dwarf;
				ENABLE_STRICT_OBJC_MSGSEND = YES;
				ENABLE_TESTABILITY = YES;
				GCC_C_LANGUAGE_STANDARD = gnu11;
				GCC_DYNAMIC_NO_PIC = NO;
				GCC_NO_COMMON_BLOCKS = YES;
				GCC_OPTIMIZATION_LEVEL = 0;
				GCC_PREPROCESSOR_DEFINITIONS = (
					"DEBUG=1",
					"$(inherited)",
				);
				GCC_WARN_64_TO_32_BIT_CONVERSION = YES;
				GCC_WARN_ABOUT_RETURN_TYPE = YES_ERROR;
				GCC_WARN_UNDECLARED_SELECTOR = YES;
				GCC_WARN_UNINITIALIZED_AUTOS = YES_AGGRESSIVE;
				GCC_WARN_UNUSED_FUNCTION = YES;
				GCC_WARN_UNUSED_VARIABLE = YES;
				IPHONEOS_DEPLOYMENT_TARGET = 13.0;
				MTL_ENABLE_DEBUG_INFO = INCLUDE_SOURCE;
				MTL_FAST_MATH = YES;
				ONLY_ACTIVE_ARCH = YES;
				SDKROOT = iphoneos;
				SWIFT_ACTIVE_COMPILATION_CONDITIONS = DEBUG;
				SWIFT_OPTIMIZATION_LEVEL = "-Onone";
			};
			name = Debug;
		};
		0A9AB42524D40E8B001A0FE0 /* Release */ = {
			isa = XCBuildConfiguration;
			buildSettings = {
				ALWAYS_SEARCH_USER_PATHS = NO;
				CLANG_ANALYZER_NONNULL = YES;
				CLANG_ANALYZER_NUMBER_OBJECT_CONVERSION = YES_AGGRESSIVE;
				CLANG_CXX_LANGUAGE_STANDARD = "gnu++14";
				CLANG_CXX_LIBRARY = "libc++";
				CLANG_ENABLE_MODULES = YES;
				CLANG_ENABLE_OBJC_ARC = YES;
				CLANG_ENABLE_OBJC_WEAK = YES;
				CLANG_WARN_BLOCK_CAPTURE_AUTORELEASING = YES;
				CLANG_WARN_BOOL_CONVERSION = YES;
				CLANG_WARN_COMMA = YES;
				CLANG_WARN_CONSTANT_CONVERSION = YES;
				CLANG_WARN_DEPRECATED_OBJC_IMPLEMENTATIONS = YES;
				CLANG_WARN_DIRECT_OBJC_ISA_USAGE = YES_ERROR;
				CLANG_WARN_DOCUMENTATION_COMMENTS = YES;
				CLANG_WARN_EMPTY_BODY = YES;
				CLANG_WARN_ENUM_CONVERSION = YES;
				CLANG_WARN_INFINITE_RECURSION = YES;
				CLANG_WARN_INT_CONVERSION = YES;
				CLANG_WARN_NON_LITERAL_NULL_CONVERSION = YES;
				CLANG_WARN_OBJC_IMPLICIT_RETAIN_SELF = YES;
				CLANG_WARN_OBJC_LITERAL_CONVERSION = YES;
				CLANG_WARN_OBJC_ROOT_CLASS = YES_ERROR;
				CLANG_WARN_QUOTED_INCLUDE_IN_FRAMEWORK_HEADER = YES;
				CLANG_WARN_RANGE_LOOP_ANALYSIS = YES;
				CLANG_WARN_STRICT_PROTOTYPES = YES;
				CLANG_WARN_SUSPICIOUS_MOVE = YES;
				CLANG_WARN_UNGUARDED_AVAILABILITY = YES_AGGRESSIVE;
				CLANG_WARN_UNREACHABLE_CODE = YES;
				CLANG_WARN__DUPLICATE_METHOD_MATCH = YES;
				COPY_PHASE_STRIP = NO;
				DEBUG_INFORMATION_FORMAT = "dwarf-with-dsym";
				ENABLE_NS_ASSERTIONS = NO;
				ENABLE_STRICT_OBJC_MSGSEND = YES;
				GCC_C_LANGUAGE_STANDARD = gnu11;
				GCC_NO_COMMON_BLOCKS = YES;
				GCC_WARN_64_TO_32_BIT_CONVERSION = YES;
				GCC_WARN_ABOUT_RETURN_TYPE = YES_ERROR;
				GCC_WARN_UNDECLARED_SELECTOR = YES;
				GCC_WARN_UNINITIALIZED_AUTOS = YES_AGGRESSIVE;
				GCC_WARN_UNUSED_FUNCTION = YES;
				GCC_WARN_UNUSED_VARIABLE = YES;
				IPHONEOS_DEPLOYMENT_TARGET = 13.0;
				MTL_ENABLE_DEBUG_INFO = NO;
				MTL_FAST_MATH = YES;
				SDKROOT = iphoneos;
				SWIFT_COMPILATION_MODE = wholemodule;
				SWIFT_OPTIMIZATION_LEVEL = "-O";
				VALIDATE_PRODUCT = YES;
			};
			name = Release;
		};
		0A9AB42724D40E8B001A0FE0 /* Debug */ = {
			isa = XCBuildConfiguration;
			buildSettings = {
				ALWAYS_EMBED_SWIFT_STANDARD_LIBRARIES = YES;
				ASSETCATALOG_COMPILER_APPICON_NAME = AppIcon;
				ASSETCATALOG_COMPILER_GLOBAL_ACCENT_COLOR_NAME = AccentColor;
				CODE_SIGN_ENTITLEMENTS = iOS/iOS.entitlements;
				CODE_SIGN_STYLE = Automatic;
				DEVELOPMENT_ASSET_PATHS = "\"iOS/Preview Content\"";
				DEVELOPMENT_TEAM = 569MXZ6TKC;
				ENABLE_PREVIEWS = YES;
				INFOPLIST_FILE = iOS/Info.plist;
				LD_RUNPATH_SEARCH_PATHS = (
					"$(inherited)",
					"@executable_path/Frameworks",
				);
				PRODUCT_BUNDLE_IDENTIFIER = co.kr.test1;
				PRODUCT_NAME = "$(TARGET_NAME)";
				SWIFT_VERSION = 5.0;
				TARGETED_DEVICE_FAMILY = "1,2";
			};
			name = Debug;
		};
		0A9AB42824D40E8B001A0FE0 /* Release */ = {
			isa = XCBuildConfiguration;
			buildSettings = {
				ALWAYS_EMBED_SWIFT_STANDARD_LIBRARIES = YES;
				ASSETCATALOG_COMPILER_APPICON_NAME = AppIcon;
				ASSETCATALOG_COMPILER_GLOBAL_ACCENT_COLOR_NAME = AccentColor;
				CODE_SIGN_ENTITLEMENTS = iOS/iOS.entitlements;
				CODE_SIGN_IDENTITY = "Apple Development";
				CODE_SIGN_STYLE = Automatic;
				DEVELOPMENT_ASSET_PATHS = "\"iOS/Preview Content\"";
				DEVELOPMENT_TEAM = 569MXZ6TKC;
				ENABLE_PREVIEWS = YES;
				INFOPLIST_FILE = iOS/Info.plist;
				LD_RUNPATH_SEARCH_PATHS = (
					"$(inherited)",
					"@executable_path/Frameworks",
				);
				PRODUCT_BUNDLE_IDENTIFIER = co.kr.test1;
				PRODUCT_NAME = "$(TARGET_NAME)";
				PROVISIONING_PROFILE_SPECIFIER = "";
				SWIFT_VERSION = 5.0;
				TARGETED_DEVICE_FAMILY = "1,2";
			};
			name = Release;
		};
		0A9AB44324D40E9E001A0FE0 /* Debug */ = {
			isa = XCBuildConfiguration;
			buildSettings = {
				ASSETCATALOG_COMPILER_APPICON_NAME = AppIcon;
				ASSETCATALOG_COMPILER_GLOBAL_ACCENT_COLOR_NAME = AccentColor;
				CODE_SIGN_ENTITLEMENTS = 200731_AppClip/_00731_AppClip.entitlements;
				CODE_SIGN_IDENTITY = "Apple Development";
				CODE_SIGN_STYLE = Automatic;
				DEVELOPMENT_ASSET_PATHS = "";
				DEVELOPMENT_TEAM = 569MXZ6TKC;
				ENABLE_PREVIEWS = YES;
				INFOPLIST_FILE = 200731_AppClip/Info.plist;
				LD_RUNPATH_SEARCH_PATHS = (
					"$(inherited)",
					"@executable_path/Frameworks",
				);
				PRODUCT_BUNDLE_IDENTIFIER = co.kr.test1.appclip;
				PRODUCT_NAME = "$(TARGET_NAME)";
				PROVISIONING_PROFILE_SPECIFIER = "";
				SWIFT_ACTIVE_COMPILATION_CONDITIONS = "DEBUG APPCLIP";
				SWIFT_VERSION = 5.0;
				TARGETED_DEVICE_FAMILY = "1,2";
			};
			name = Debug;
		};
		0A9AB44424D40E9E001A0FE0 /* Release */ = {
			isa = XCBuildConfiguration;
			buildSettings = {
				ASSETCATALOG_COMPILER_APPICON_NAME = AppIcon;
				ASSETCATALOG_COMPILER_GLOBAL_ACCENT_COLOR_NAME = AccentColor;
				CODE_SIGN_ENTITLEMENTS = 200731_AppClip/_00731_AppClip.entitlements;
				CODE_SIGN_IDENTITY = "Apple Development";
				CODE_SIGN_STYLE = Automatic;
				DEVELOPMENT_ASSET_PATHS = "";
				DEVELOPMENT_TEAM = 569MXZ6TKC;
				ENABLE_PREVIEWS = YES;
				INFOPLIST_FILE = 200731_AppClip/Info.plist;
				LD_RUNPATH_SEARCH_PATHS = (
					"$(inherited)",
					"@executable_path/Frameworks",
				);
				PRODUCT_BUNDLE_IDENTIFIER = co.kr.test1.appclip;
				PRODUCT_NAME = "$(TARGET_NAME)";
				PROVISIONING_PROFILE_SPECIFIER = "";
				SWIFT_ACTIVE_COMPILATION_CONDITIONS = APPCLIP;
				SWIFT_VERSION = 5.0;
				TARGETED_DEVICE_FAMILY = "1,2";
			};
			name = Release;
		};
/* End XCBuildConfiguration section */

/* Begin XCConfigurationList section */
		0A06230C250CE89000F29E2B /* Build configuration list for PBXNativeTarget "Memory management" */ = {
			isa = XCConfigurationList;
			buildConfigurations = (
				0A06230A250CE89000F29E2B /* Debug */,
				0A06230B250CE89000F29E2B /* Release */,
			);
			defaultConfigurationIsVisible = 0;
			defaultConfigurationName = Release;
		};
		0A07F8052527624600E05277 /* Build configuration list for PBXNativeTarget "iOS Design Pattern" */ = {
			isa = XCConfigurationList;
			buildConfigurations = (
				0A07F8032527624600E05277 /* Debug */,
				0A07F8042527624600E05277 /* Release */,
			);
			defaultConfigurationIsVisible = 0;
			defaultConfigurationName = Release;
		};
		0A72F0992506428500E10781 /* Build configuration list for PBXNativeTarget "200907_method swizzling" */ = {
			isa = XCConfigurationList;
			buildConfigurations = (
				0A72F09A2506428500E10781 /* Debug */,
				0A72F09B2506428500E10781 /* Release */,
			);
			defaultConfigurationIsVisible = 0;
			defaultConfigurationName = Release;
		};
		0A9037B22507A039004CB271 /* Build configuration list for PBXNativeTarget "200908_ConCurrency Programing" */ = {
			isa = XCConfigurationList;
			buildConfigurations = (
				0A9037B02507A039004CB271 /* Debug */,
				0A9037B12507A039004CB271 /* Release */,
			);
			defaultConfigurationIsVisible = 0;
			defaultConfigurationName = Release;
		};
		0A9AB40D24D40E8A001A0FE0 /* Build configuration list for PBXProject "iOS" */ = {
			isa = XCConfigurationList;
			buildConfigurations = (
				0A9AB42424D40E8B001A0FE0 /* Debug */,
				0A9AB42524D40E8B001A0FE0 /* Release */,
			);
			defaultConfigurationIsVisible = 0;
			defaultConfigurationName = Release;
		};
		0A9AB42624D40E8B001A0FE0 /* Build configuration list for PBXNativeTarget "iOS" */ = {
			isa = XCConfigurationList;
			buildConfigurations = (
				0A9AB42724D40E8B001A0FE0 /* Debug */,
				0A9AB42824D40E8B001A0FE0 /* Release */,
			);
			defaultConfigurationIsVisible = 0;
			defaultConfigurationName = Release;
		};
		0A9AB44224D40E9E001A0FE0 /* Build configuration list for PBXNativeTarget "200731_AppClip" */ = {
			isa = XCConfigurationList;
			buildConfigurations = (
				0A9AB44324D40E9E001A0FE0 /* Debug */,
				0A9AB44424D40E9E001A0FE0 /* Release */,
			);
			defaultConfigurationIsVisible = 0;
			defaultConfigurationName = Release;
		};
/* End XCConfigurationList section */
	};
	rootObject = 0A9AB40A24D40E8A001A0FE0 /* Project object */;
}
